{
    "_readme": [
        "This file locks the dependencies of your project to a known state",
        "Read more about it at https://getcomposer.org/doc/01-basic-usage.md#installing-dependencies",
        "This file is @generated automatically"
    ],
    "content-hash": "a2869d45fe746439d11d0955275dbeb4",
    "packages": [
        {
            "name": "dg/rss-php",
            "version": "v1.4",
            "source": {
                "type": "git",
                "url": "https://github.com/dg/rss-php.git",
                "reference": "4d018b27b0a4d7b13dde34a402f0efe90024c40a"
            },
            "dist": {
                "type": "zip",
                "url": "https://api.github.com/repos/dg/rss-php/zipball/4d018b27b0a4d7b13dde34a402f0efe90024c40a",
                "reference": "4d018b27b0a4d7b13dde34a402f0efe90024c40a",
                "shasum": ""
            },
            "require": {
                "ext-simplexml": "*",
                "php": ">=5.3"
            },
            "type": "library",
            "autoload": {
                "classmap": [
                    "src/"
                ]
            },
            "notification-url": "https://packagist.org/downloads/",
            "license": [
                "BSD-3-Clause"
            ],
            "authors": [
                {
                    "name": "David Grudl",
                    "homepage": "https://davidgrudl.com"
                }
            ],
            "description": "RSS & Atom Feeds for PHP is a very small and easy-to-use library for consuming an RSS and Atom feed",
            "homepage": "https://github.com/dg/rss-php",
            "keywords": [
                "atom",
                "feed",
                "rss"
            ],
            "time": "2019-09-29T08:57:45+00:00"
        }
    ],
    "packages-dev": [],
    "aliases": [],
    "minimum-stability": "stable",
    "stability-flags": [],
    "prefer-stable": false,
    "prefer-lowest": false,
    "platform": [],
    "platform-dev": [],
    "plugin-api-version": "1.1.0"
}
